// !$*UTF8*$!
{
	archiveVersion = 1;
	classes = {
	};
	objectVersion = 56;
	objects = {

/* Begin PBXBuildFile section */
		AA49E0FC2906BF5D00A995E4 /* Alamofire in Frameworks */ = {isa = PBXBuildFile; productRef = AA49E0FB2906BF5D00A995E4 /* Alamofire */; };
		AA49E0FE2906C32900A995E4 /* SystemAlert.swift in Sources */ = {isa = PBXBuildFile; fileRef = AA49E0FD2906C32900A995E4 /* SystemAlert.swift */; };
		AA49E1002906C37C00A995E4 /* SnapshotItem.swift in Sources */ = {isa = PBXBuildFile; fileRef = AA49E0FF2906C37C00A995E4 /* SnapshotItem.swift */; };
		AAD32E1E2902DA4B00DDF555 /* AppDelegate.swift in Sources */ = {isa = PBXBuildFile; fileRef = AAD32E1D2902DA4B00DDF555 /* AppDelegate.swift */; };
		AAD32E202902DA4B00DDF555 /* SceneDelegate.swift in Sources */ = {isa = PBXBuildFile; fileRef = AAD32E1F2902DA4B00DDF555 /* SceneDelegate.swift */; };
		AAD32E272902DA4C00DDF555 /* Assets.xcassets in Resources */ = {isa = PBXBuildFile; fileRef = AAD32E262902DA4C00DDF555 /* Assets.xcassets */; };
		AAD32E2A2902DA4C00DDF555 /* LaunchScreen.storyboard in Resources */ = {isa = PBXBuildFile; fileRef = AAD32E282902DA4C00DDF555 /* LaunchScreen.storyboard */; };
		AAD32E352902DA4C00DDF555 /* SimpleProductListTests.swift in Sources */ = {isa = PBXBuildFile; fileRef = AAD32E342902DA4C00DDF555 /* SimpleProductListTests.swift */; };
		AAD32E4F2902DB6300DDF555 /* Realm in Frameworks */ = {isa = PBXBuildFile; productRef = AAD32E4E2902DB6300DDF555 /* Realm */; };
		AAD32E512902DB6300DDF555 /* RealmSwift in Frameworks */ = {isa = PBXBuildFile; productRef = AAD32E502902DB6300DDF555 /* RealmSwift */; };
		AAD32E542902DB7900DDF555 /* SDWebImage in Frameworks */ = {isa = PBXBuildFile; productRef = AAD32E532902DB7900DDF555 /* SDWebImage */; };
		AAD32E572902DBA900DDF555 /* SnapKit in Frameworks */ = {isa = PBXBuildFile; productRef = AAD32E562902DBA900DDF555 /* SnapKit */; };
		AAD32E5D2902EA1600DDF555 /* MainTabController.swift in Sources */ = {isa = PBXBuildFile; fileRef = AAD32E5C2902EA1600DDF555 /* MainTabController.swift */; };
		AAD32E602902EA6000DDF555 /* TabType.swift in Sources */ = {isa = PBXBuildFile; fileRef = AAD32E5F2902EA6000DDF555 /* TabType.swift */; };
		AAD32E642902EA9F00DDF555 /* CollectionControllerFactory.swift in Sources */ = {isa = PBXBuildFile; fileRef = AAD32E632902EA9F00DDF555 /* CollectionControllerFactory.swift */; };
		AAD32E662902EAD100DDF555 /* CollectionController.swift in Sources */ = {isa = PBXBuildFile; fileRef = AAD32E652902EAD100DDF555 /* CollectionController.swift */; };
		AAD32E682902EB5C00DDF555 /* ProductModelView.swift in Sources */ = {isa = PBXBuildFile; fileRef = AAD32E672902EB5C00DDF555 /* ProductModelView.swift */; };
		AAD32E6A2902EB6C00DDF555 /* BookmarkModelView.swift in Sources */ = {isa = PBXBuildFile; fileRef = AAD32E692902EB6C00DDF555 /* BookmarkModelView.swift */; };
		AAD32E6D2902EB9100DDF555 /* Bookmarkable.swift in Sources */ = {isa = PBXBuildFile; fileRef = AAD32E6C2902EB9100DDF555 /* Bookmarkable.swift */; };
		AAD32E6F2902EB9700DDF555 /* Modelable.swift in Sources */ = {isa = PBXBuildFile; fileRef = AAD32E6E2902EB9700DDF555 /* Modelable.swift */; };
		AAD32E722902EDA000DDF555 /* ProductCell.swift in Sources */ = {isa = PBXBuildFile; fileRef = AAD32E712902EDA000DDF555 /* ProductCell.swift */; };
		AAD32E742903743300DDF555 /* TabItemConfiguration.swift in Sources */ = {isa = PBXBuildFile; fileRef = AAD32E732903743300DDF555 /* TabItemConfiguration.swift */; };
		AAD32E772903753C00DDF555 /* HTTPService.swift in Sources */ = {isa = PBXBuildFile; fileRef = AAD32E762903753C00DDF555 /* HTTPService.swift */; };
		AAD32E7A2903789300DDF555 /* Initialization.swift in Sources */ = {isa = PBXBuildFile; fileRef = AAD32E792903789300DDF555 /* Initialization.swift */; };
		AAD32E7C290378AA00DDF555 /* Banner.swift in Sources */ = {isa = PBXBuildFile; fileRef = AAD32E7B290378AA00DDF555 /* Banner.swift */; };
		AAD32E7E290378C400DDF555 /* Goods.swift in Sources */ = {isa = PBXBuildFile; fileRef = AAD32E7D290378C400DDF555 /* Goods.swift */; };
		AAD32E81290409ED00DDF555 /* UIColor+extension.swift in Sources */ = {isa = PBXBuildFile; fileRef = AAD32E80290409ED00DDF555 /* UIColor+extension.swift */; };
		AAD32E8329040A2400DDF555 /* Int+format.swift in Sources */ = {isa = PBXBuildFile; fileRef = AAD32E8229040A2400DDF555 /* Int+format.swift */; };
		AAD32E8829040D6000DDF555 /* ContentImageView.swift in Sources */ = {isa = PBXBuildFile; fileRef = AAD32E8729040D6000DDF555 /* ContentImageView.swift */; };
		AAD32E8A29040DB600DDF555 /* UIImageView+SDWebImage.swift in Sources */ = {isa = PBXBuildFile; fileRef = AAD32E8929040DB600DDF555 /* UIImageView+SDWebImage.swift */; };
		AAD32E8D290415C600DDF555 /* NewTagView.swift in Sources */ = {isa = PBXBuildFile; fileRef = AAD32E8C290415C600DDF555 /* NewTagView.swift */; };
		AAD32E8F290420AD00DDF555 /* BannerReusableView.swift in Sources */ = {isa = PBXBuildFile; fileRef = AAD32E8E290420AD00DDF555 /* BannerReusableView.swift */; };
		AAD32E912904311E00DDF555 /* BannerCell.swift in Sources */ = {isa = PBXBuildFile; fileRef = AAD32E902904311E00DDF555 /* BannerCell.swift */; };
		AAD32E932904314000DDF555 /* BannerReusableModelView.swift in Sources */ = {isa = PBXBuildFile; fileRef = AAD32E922904314000DDF555 /* BannerReusableModelView.swift */; };
		AAD32E9529051EEB00DDF555 /* UIEdgeInset+usecase.swift in Sources */ = {isa = PBXBuildFile; fileRef = AAD32E9429051EEB00DDF555 /* UIEdgeInset+usecase.swift */; };
		AAD32E972905251700DDF555 /* String+TextBoundSize.swift in Sources */ = {isa = PBXBuildFile; fileRef = AAD32E962905251700DDF555 /* String+TextBoundSize.swift */; };
		AAD32E9A2905256200DDF555 /* ProductCellSize.swift in Sources */ = {isa = PBXBuildFile; fileRef = AAD32E992905256200DDF555 /* ProductCellSize.swift */; };
		AAD32E9C2905258900DDF555 /* Bannerable.swift in Sources */ = {isa = PBXBuildFile; fileRef = AAD32E9B2905258900DDF555 /* Bannerable.swift */; };
		AAD32E9E2905263300DDF555 /* ProductCellModelView.swift in Sources */ = {isa = PBXBuildFile; fileRef = AAD32E9D2905263300DDF555 /* ProductCellModelView.swift */; };
		AAD32EA229055E0300DDF555 /* UIControl+Combine.swift in Sources */ = {isa = PBXBuildFile; fileRef = AAD32EA129055E0300DDF555 /* UIControl+Combine.swift */; };
		AAD32EA529055F5500DDF555 /* DatabaseStore.swift in Sources */ = {isa = PBXBuildFile; fileRef = AAD32EA429055F5500DDF555 /* DatabaseStore.swift */; };
		AAD32EAC2906B84000DDF555 /* GoodsDbModel.swift in Sources */ = {isa = PBXBuildFile; fileRef = AAD32EAB2906B84000DDF555 /* GoodsDbModel.swift */; };
/* End PBXBuildFile section */

/* Begin PBXContainerItemProxy section */
		AAD32E312902DA4C00DDF555 /* PBXContainerItemProxy */ = {
			isa = PBXContainerItemProxy;
			containerPortal = AAD32E122902DA4B00DDF555 /* Project object */;
			proxyType = 1;
			remoteGlobalIDString = AAD32E192902DA4B00DDF555;
			remoteInfo = SimpleProductList;
		};
/* End PBXContainerItemProxy section */

/* Begin PBXFileReference section */
		AA49E0FD2906C32900A995E4 /* SystemAlert.swift */ = {isa = PBXFileReference; lastKnownFileType = sourcecode.swift; path = SystemAlert.swift; sourceTree = "<group>"; };
		AA49E0FF2906C37C00A995E4 /* SnapshotItem.swift */ = {isa = PBXFileReference; lastKnownFileType = sourcecode.swift; path = SnapshotItem.swift; sourceTree = "<group>"; };
		AAD32E1A2902DA4B00DDF555 /* SimpleProductList.app */ = {isa = PBXFileReference; explicitFileType = wrapper.application; includeInIndex = 0; path = SimpleProductList.app; sourceTree = BUILT_PRODUCTS_DIR; };
		AAD32E1D2902DA4B00DDF555 /* AppDelegate.swift */ = {isa = PBXFileReference; lastKnownFileType = sourcecode.swift; path = AppDelegate.swift; sourceTree = "<group>"; };
		AAD32E1F2902DA4B00DDF555 /* SceneDelegate.swift */ = {isa = PBXFileReference; lastKnownFileType = sourcecode.swift; path = SceneDelegate.swift; sourceTree = "<group>"; };
		AAD32E262902DA4C00DDF555 /* Assets.xcassets */ = {isa = PBXFileReference; lastKnownFileType = folder.assetcatalog; path = Assets.xcassets; sourceTree = "<group>"; };
		AAD32E292902DA4C00DDF555 /* Base */ = {isa = PBXFileReference; lastKnownFileType = file.storyboard; name = Base; path = Base.lproj/LaunchScreen.storyboard; sourceTree = "<group>"; };
		AAD32E2B2902DA4C00DDF555 /* Info.plist */ = {isa = PBXFileReference; lastKnownFileType = text.plist.xml; path = Info.plist; sourceTree = "<group>"; };
		AAD32E302902DA4C00DDF555 /* SimpleProductListTests.xctest */ = {isa = PBXFileReference; explicitFileType = wrapper.cfbundle; includeInIndex = 0; path = SimpleProductListTests.xctest; sourceTree = BUILT_PRODUCTS_DIR; };
		AAD32E342902DA4C00DDF555 /* SimpleProductListTests.swift */ = {isa = PBXFileReference; lastKnownFileType = sourcecode.swift; path = SimpleProductListTests.swift; sourceTree = "<group>"; };
		AAD32E5C2902EA1600DDF555 /* MainTabController.swift */ = {isa = PBXFileReference; lastKnownFileType = sourcecode.swift; path = MainTabController.swift; sourceTree = "<group>"; };
		AAD32E5F2902EA6000DDF555 /* TabType.swift */ = {isa = PBXFileReference; lastKnownFileType = sourcecode.swift; path = TabType.swift; sourceTree = "<group>"; };
		AAD32E632902EA9F00DDF555 /* CollectionControllerFactory.swift */ = {isa = PBXFileReference; lastKnownFileType = sourcecode.swift; path = CollectionControllerFactory.swift; sourceTree = "<group>"; };
		AAD32E652902EAD100DDF555 /* CollectionController.swift */ = {isa = PBXFileReference; lastKnownFileType = sourcecode.swift; path = CollectionController.swift; sourceTree = "<group>"; };
		AAD32E672902EB5C00DDF555 /* ProductModelView.swift */ = {isa = PBXFileReference; lastKnownFileType = sourcecode.swift; path = ProductModelView.swift; sourceTree = "<group>"; };
		AAD32E692902EB6C00DDF555 /* BookmarkModelView.swift */ = {isa = PBXFileReference; lastKnownFileType = sourcecode.swift; path = BookmarkModelView.swift; sourceTree = "<group>"; };
		AAD32E6C2902EB9100DDF555 /* Bookmarkable.swift */ = {isa = PBXFileReference; lastKnownFileType = sourcecode.swift; path = Bookmarkable.swift; sourceTree = "<group>"; };
		AAD32E6E2902EB9700DDF555 /* Modelable.swift */ = {isa = PBXFileReference; lastKnownFileType = sourcecode.swift; path = Modelable.swift; sourceTree = "<group>"; };
		AAD32E712902EDA000DDF555 /* ProductCell.swift */ = {isa = PBXFileReference; lastKnownFileType = sourcecode.swift; path = ProductCell.swift; sourceTree = "<group>"; };
		AAD32E732903743300DDF555 /* TabItemConfiguration.swift */ = {isa = PBXFileReference; lastKnownFileType = sourcecode.swift; path = TabItemConfiguration.swift; sourceTree = "<group>"; };
		AAD32E762903753C00DDF555 /* HTTPService.swift */ = {isa = PBXFileReference; lastKnownFileType = sourcecode.swift; path = HTTPService.swift; sourceTree = "<group>"; };
		AAD32E792903789300DDF555 /* Initialization.swift */ = {isa = PBXFileReference; lastKnownFileType = sourcecode.swift; path = Initialization.swift; sourceTree = "<group>"; };
		AAD32E7B290378AA00DDF555 /* Banner.swift */ = {isa = PBXFileReference; lastKnownFileType = sourcecode.swift; path = Banner.swift; sourceTree = "<group>"; };
		AAD32E7D290378C400DDF555 /* Goods.swift */ = {isa = PBXFileReference; lastKnownFileType = sourcecode.swift; path = Goods.swift; sourceTree = "<group>"; };
		AAD32E80290409ED00DDF555 /* UIColor+extension.swift */ = {isa = PBXFileReference; lastKnownFileType = sourcecode.swift; path = "UIColor+extension.swift"; sourceTree = "<group>"; };
		AAD32E8229040A2400DDF555 /* Int+format.swift */ = {isa = PBXFileReference; lastKnownFileType = sourcecode.swift; path = "Int+format.swift"; sourceTree = "<group>"; };
		AAD32E8729040D6000DDF555 /* ContentImageView.swift */ = {isa = PBXFileReference; lastKnownFileType = sourcecode.swift; path = ContentImageView.swift; sourceTree = "<group>"; };
		AAD32E8929040DB600DDF555 /* UIImageView+SDWebImage.swift */ = {isa = PBXFileReference; lastKnownFileType = sourcecode.swift; path = "UIImageView+SDWebImage.swift"; sourceTree = "<group>"; };
		AAD32E8C290415C600DDF555 /* NewTagView.swift */ = {isa = PBXFileReference; lastKnownFileType = sourcecode.swift; path = NewTagView.swift; sourceTree = "<group>"; };
		AAD32E8E290420AD00DDF555 /* BannerReusableView.swift */ = {isa = PBXFileReference; lastKnownFileType = sourcecode.swift; path = BannerReusableView.swift; sourceTree = "<group>"; };
		AAD32E902904311E00DDF555 /* BannerCell.swift */ = {isa = PBXFileReference; lastKnownFileType = sourcecode.swift; path = BannerCell.swift; sourceTree = "<group>"; };
		AAD32E922904314000DDF555 /* BannerReusableModelView.swift */ = {isa = PBXFileReference; lastKnownFileType = sourcecode.swift; path = BannerReusableModelView.swift; sourceTree = "<group>"; };
		AAD32E9429051EEB00DDF555 /* UIEdgeInset+usecase.swift */ = {isa = PBXFileReference; lastKnownFileType = sourcecode.swift; path = "UIEdgeInset+usecase.swift"; sourceTree = "<group>"; };
		AAD32E962905251700DDF555 /* String+TextBoundSize.swift */ = {isa = PBXFileReference; lastKnownFileType = sourcecode.swift; path = "String+TextBoundSize.swift"; sourceTree = "<group>"; };
		AAD32E992905256200DDF555 /* ProductCellSize.swift */ = {isa = PBXFileReference; lastKnownFileType = sourcecode.swift; path = ProductCellSize.swift; sourceTree = "<group>"; };
		AAD32E9B2905258900DDF555 /* Bannerable.swift */ = {isa = PBXFileReference; lastKnownFileType = sourcecode.swift; path = Bannerable.swift; sourceTree = "<group>"; };
		AAD32E9D2905263300DDF555 /* ProductCellModelView.swift */ = {isa = PBXFileReference; lastKnownFileType = sourcecode.swift; path = ProductCellModelView.swift; sourceTree = "<group>"; };
		AAD32EA129055E0300DDF555 /* UIControl+Combine.swift */ = {isa = PBXFileReference; lastKnownFileType = sourcecode.swift; path = "UIControl+Combine.swift"; sourceTree = "<group>"; };
		AAD32EA429055F5500DDF555 /* DatabaseStore.swift */ = {isa = PBXFileReference; lastKnownFileType = sourcecode.swift; path = DatabaseStore.swift; sourceTree = "<group>"; };
		AAD32EAB2906B84000DDF555 /* GoodsDbModel.swift */ = {isa = PBXFileReference; lastKnownFileType = sourcecode.swift; path = GoodsDbModel.swift; sourceTree = "<group>"; };
/* End PBXFileReference section */

/* Begin PBXFrameworksBuildPhase section */
		AAD32E172902DA4B00DDF555 /* Frameworks */ = {
			isa = PBXFrameworksBuildPhase;
			buildActionMask = 2147483647;
			files = (
				AA49E0FC2906BF5D00A995E4 /* Alamofire in Frameworks */,
				AAD32E542902DB7900DDF555 /* SDWebImage in Frameworks */,
				AAD32E572902DBA900DDF555 /* SnapKit in Frameworks */,
				AAD32E512902DB6300DDF555 /* RealmSwift in Frameworks */,
				AAD32E4F2902DB6300DDF555 /* Realm in Frameworks */,
			);
			runOnlyForDeploymentPostprocessing = 0;
		};
		AAD32E2D2902DA4C00DDF555 /* Frameworks */ = {
			isa = PBXFrameworksBuildPhase;
			buildActionMask = 2147483647;
			files = (
			);
			runOnlyForDeploymentPostprocessing = 0;
		};
/* End PBXFrameworksBuildPhase section */

/* Begin PBXGroup section */
		AAD32E112902DA4B00DDF555 = {
			isa = PBXGroup;
			children = (
				AAD32E1C2902DA4B00DDF555 /* SimpleProductList */,
				AAD32E332902DA4C00DDF555 /* SimpleProductListTests */,
				AAD32E1B2902DA4B00DDF555 /* Products */,
			);
			sourceTree = "<group>";
		};
		AAD32E1B2902DA4B00DDF555 /* Products */ = {
			isa = PBXGroup;
			children = (
				AAD32E1A2902DA4B00DDF555 /* SimpleProductList.app */,
				AAD32E302902DA4C00DDF555 /* SimpleProductListTests.xctest */,
			);
			name = Products;
			sourceTree = "<group>";
		};
		AAD32E1C2902DA4B00DDF555 /* SimpleProductList */ = {
			isa = PBXGroup;
			children = (
				AAD32E7F290409E400DDF555 /* extension */,
				AAD32EA329055F4300DDF555 /* Database */,
				AAD32E752903752900DDF555 /* Network */,
				AAD32E5A2902E9FF00DDF555 /* Scene */,
				AAD32E592902E9E800DDF555 /* main */,
				AAD32E582902E9E200DDF555 /* resource */,
				AAD32E2B2902DA4C00DDF555 /* Info.plist */,
			);
			path = SimpleProductList;
			sourceTree = "<group>";
		};
		AAD32E332902DA4C00DDF555 /* SimpleProductListTests */ = {
			isa = PBXGroup;
			children = (
				AAD32E342902DA4C00DDF555 /* SimpleProductListTests.swift */,
			);
			path = SimpleProductListTests;
			sourceTree = "<group>";
		};
		AAD32E582902E9E200DDF555 /* resource */ = {
			isa = PBXGroup;
			children = (
				AAD32E262902DA4C00DDF555 /* Assets.xcassets */,
				AAD32E282902DA4C00DDF555 /* LaunchScreen.storyboard */,
			);
			path = resource;
			sourceTree = "<group>";
		};
		AAD32E592902E9E800DDF555 /* main */ = {
			isa = PBXGroup;
			children = (
				AAD32E1D2902DA4B00DDF555 /* AppDelegate.swift */,
				AAD32E1F2902DA4B00DDF555 /* SceneDelegate.swift */,
			);
			path = main;
			sourceTree = "<group>";
		};
		AAD32E5A2902E9FF00DDF555 /* Scene */ = {
			isa = PBXGroup;
			children = (
				AAD32E8B2904157600DDF555 /* CustomView */,
				AAD32E612902EA8C00DDF555 /* Content */,
				AAD32E5B2902EA0C00DDF555 /* TabbarController */,
			);
			path = Scene;
			sourceTree = "<group>";
		};
		AAD32E5B2902EA0C00DDF555 /* TabbarController */ = {
			isa = PBXGroup;
			children = (
				AAD32E5E2902EA5500DDF555 /* Configure */,
				AAD32E5C2902EA1600DDF555 /* MainTabController.swift */,
			);
			path = TabbarController;
			sourceTree = "<group>";
		};
		AAD32E5E2902EA5500DDF555 /* Configure */ = {
			isa = PBXGroup;
			children = (
				AAD32E732903743300DDF555 /* TabItemConfiguration.swift */,
				AAD32E5F2902EA6000DDF555 /* TabType.swift */,
			);
			path = Configure;
			sourceTree = "<group>";
		};
		AAD32E612902EA8C00DDF555 /* Content */ = {
			isa = PBXGroup;
			children = (
				AAD32E782903788900DDF555 /* Model */,
				AAD32E702902ED8A00DDF555 /* Cell */,
				AAD32E6B2902EB8200DDF555 /* Protocols */,
				AAD32E622902EA9400DDF555 /* factory */,
				AAD32E652902EAD100DDF555 /* CollectionController.swift */,
				AAD32E672902EB5C00DDF555 /* ProductModelView.swift */,
				AAD32E692902EB6C00DDF555 /* BookmarkModelView.swift */,
			);
			path = Content;
			sourceTree = "<group>";
		};
		AAD32E622902EA9400DDF555 /* factory */ = {
			isa = PBXGroup;
			children = (
				AAD32E632902EA9F00DDF555 /* CollectionControllerFactory.swift */,
			);
			path = factory;
			sourceTree = "<group>";
		};
		AAD32E6B2902EB8200DDF555 /* Protocols */ = {
			isa = PBXGroup;
			children = (
				AAD32E6C2902EB9100DDF555 /* Bookmarkable.swift */,
				AAD32E6E2902EB9700DDF555 /* Modelable.swift */,
				AAD32E9B2905258900DDF555 /* Bannerable.swift */,
			);
			path = Protocols;
			sourceTree = "<group>";
		};
		AAD32E702902ED8A00DDF555 /* Cell */ = {
			isa = PBXGroup;
			children = (
				AAD32EA02905266200DDF555 /* Banner */,
				AAD32E9F2905265D00DDF555 /* Product */,
			);
			path = Cell;
			sourceTree = "<group>";
		};
		AAD32E752903752900DDF555 /* Network */ = {
			isa = PBXGroup;
			children = (
				AAD32E762903753C00DDF555 /* HTTPService.swift */,
			);
			path = Network;
			sourceTree = "<group>";
		};
		AAD32E782903788900DDF555 /* Model */ = {
			isa = PBXGroup;
			children = (
				AAD32E792903789300DDF555 /* Initialization.swift */,
				AAD32E7B290378AA00DDF555 /* Banner.swift */,
				AAD32E7D290378C400DDF555 /* Goods.swift */,
				AA49E0FF2906C37C00A995E4 /* SnapshotItem.swift */,
			);
			path = Model;
			sourceTree = "<group>";
		};
		AAD32E7F290409E400DDF555 /* extension */ = {
			isa = PBXGroup;
			children = (
				AAD32E962905251700DDF555 /* String+TextBoundSize.swift */,
				AAD32E80290409ED00DDF555 /* UIColor+extension.swift */,
				AAD32E8229040A2400DDF555 /* Int+format.swift */,
				AAD32E8929040DB600DDF555 /* UIImageView+SDWebImage.swift */,
				AAD32E9429051EEB00DDF555 /* UIEdgeInset+usecase.swift */,
				AAD32EA129055E0300DDF555 /* UIControl+Combine.swift */,
			);
			path = extension;
			sourceTree = "<group>";
		};
		AAD32E8B2904157600DDF555 /* CustomView */ = {
			isa = PBXGroup;
			children = (
				AAD32E8C290415C600DDF555 /* NewTagView.swift */,
				AAD32E8729040D6000DDF555 /* ContentImageView.swift */,
				AA49E0FD2906C32900A995E4 /* SystemAlert.swift */,
			);
			path = CustomView;
			sourceTree = "<group>";
		};
		AAD32E982905255400DDF555 /* ContentSize */ = {
			isa = PBXGroup;
			children = (
				AAD32E992905256200DDF555 /* ProductCellSize.swift */,
			);
			path = ContentSize;
			sourceTree = "<group>";
		};
		AAD32E9F2905265D00DDF555 /* Product */ = {
			isa = PBXGroup;
			children = (
				AAD32E982905255400DDF555 /* ContentSize */,
				AAD32E712902EDA000DDF555 /* ProductCell.swift */,
				AAD32E9D2905263300DDF555 /* ProductCellModelView.swift */,
			);
			path = Product;
			sourceTree = "<group>";
		};
		AAD32EA02905266200DDF555 /* Banner */ = {
			isa = PBXGroup;
			children = (
				AAD32E8E290420AD00DDF555 /* BannerReusableView.swift */,
				AAD32E922904314000DDF555 /* BannerReusableModelView.swift */,
				AAD32E902904311E00DDF555 /* BannerCell.swift */,
			);
			path = Banner;
			sourceTree = "<group>";
		};
		AAD32EA329055F4300DDF555 /* Database */ = {
			isa = PBXGroup;
			children = (
				AAD32EAA2906B83C00DDF555 /* Model */,
				AAD32EA429055F5500DDF555 /* DatabaseStore.swift */,
			);
			path = Database;
			sourceTree = "<group>";
		};
		AAD32EAA2906B83C00DDF555 /* Model */ = {
			isa = PBXGroup;
			children = (
				AAD32EAB2906B84000DDF555 /* GoodsDbModel.swift */,
			);
			path = Model;
			sourceTree = "<group>";
		};
/* End PBXGroup section */

/* Begin PBXNativeTarget section */
		AAD32E192902DA4B00DDF555 /* SimpleProductList */ = {
			isa = PBXNativeTarget;
			buildConfigurationList = AAD32E442902DA4C00DDF555 /* Build configuration list for PBXNativeTarget "SimpleProductList" */;
			buildPhases = (
				AAD32E162902DA4B00DDF555 /* Sources */,
				AAD32E172902DA4B00DDF555 /* Frameworks */,
				AAD32E182902DA4B00DDF555 /* Resources */,
			);
			buildRules = (
			);
			dependencies = (
			);
			name = SimpleProductList;
			packageProductDependencies = (
				AAD32E4E2902DB6300DDF555 /* Realm */,
				AAD32E502902DB6300DDF555 /* RealmSwift */,
				AAD32E532902DB7900DDF555 /* SDWebImage */,
				AAD32E562902DBA900DDF555 /* SnapKit */,
				AA49E0FB2906BF5D00A995E4 /* Alamofire */,
			);
			productName = SimpleProductList;
			productReference = AAD32E1A2902DA4B00DDF555 /* SimpleProductList.app */;
			productType = "com.apple.product-type.application";
		};
		AAD32E2F2902DA4C00DDF555 /* SimpleProductListTests */ = {
			isa = PBXNativeTarget;
			buildConfigurationList = AAD32E472902DA4C00DDF555 /* Build configuration list for PBXNativeTarget "SimpleProductListTests" */;
			buildPhases = (
				AAD32E2C2902DA4C00DDF555 /* Sources */,
				AAD32E2D2902DA4C00DDF555 /* Frameworks */,
				AAD32E2E2902DA4C00DDF555 /* Resources */,
			);
			buildRules = (
			);
			dependencies = (
				AAD32E322902DA4C00DDF555 /* PBXTargetDependency */,
			);
			name = SimpleProductListTests;
			productName = SimpleProductListTests;
			productReference = AAD32E302902DA4C00DDF555 /* SimpleProductListTests.xctest */;
			productType = "com.apple.product-type.bundle.unit-test";
		};
/* End PBXNativeTarget section */

/* Begin PBXProject section */
		AAD32E122902DA4B00DDF555 /* Project object */ = {
			isa = PBXProject;
			attributes = {
				BuildIndependentTargetsInParallel = 1;
				LastSwiftUpdateCheck = 1400;
				LastUpgradeCheck = 1400;
				TargetAttributes = {
					AAD32E192902DA4B00DDF555 = {
						CreatedOnToolsVersion = 14.0.1;
					};
					AAD32E2F2902DA4C00DDF555 = {
						CreatedOnToolsVersion = 14.0.1;
						TestTargetID = AAD32E192902DA4B00DDF555;
					};
				};
			};
			buildConfigurationList = AAD32E152902DA4B00DDF555 /* Build configuration list for PBXProject "SimpleProductList" */;
			compatibilityVersion = "Xcode 14.0";
			developmentRegion = en;
			hasScannedForEncodings = 0;
			knownRegions = (
				en,
				Base,
			);
			mainGroup = AAD32E112902DA4B00DDF555;
			packageReferences = (
				AAD32E4D2902DB6300DDF555 /* XCRemoteSwiftPackageReference "realm-swift" */,
				AAD32E522902DB7900DDF555 /* XCRemoteSwiftPackageReference "SDWebImage" */,
				AAD32E552902DBA900DDF555 /* XCRemoteSwiftPackageReference "SnapKit" */,
				AA49E0FA2906BF5D00A995E4 /* XCRemoteSwiftPackageReference "Alamofire" */,
			);
			productRefGroup = AAD32E1B2902DA4B00DDF555 /* Products */;
			projectDirPath = "";
			projectRoot = "";
			targets = (
				AAD32E192902DA4B00DDF555 /* SimpleProductList */,
				AAD32E2F2902DA4C00DDF555 /* SimpleProductListTests */,
			);
		};
/* End PBXProject section */

/* Begin PBXResourcesBuildPhase section */
		AAD32E182902DA4B00DDF555 /* Resources */ = {
			isa = PBXResourcesBuildPhase;
			buildActionMask = 2147483647;
			files = (
				AAD32E2A2902DA4C00DDF555 /* LaunchScreen.storyboard in Resources */,
				AAD32E272902DA4C00DDF555 /* Assets.xcassets in Resources */,
			);
			runOnlyForDeploymentPostprocessing = 0;
		};
		AAD32E2E2902DA4C00DDF555 /* Resources */ = {
			isa = PBXResourcesBuildPhase;
			buildActionMask = 2147483647;
			files = (
			);
			runOnlyForDeploymentPostprocessing = 0;
		};
/* End PBXResourcesBuildPhase section */

/* Begin PBXSourcesBuildPhase section */
		AAD32E162902DA4B00DDF555 /* Sources */ = {
			isa = PBXSourcesBuildPhase;
			buildActionMask = 2147483647;
			files = (
				AAD32EAC2906B84000DDF555 /* GoodsDbModel.swift in Sources */,
				AAD32E1E2902DA4B00DDF555 /* AppDelegate.swift in Sources */,
				AAD32E722902EDA000DDF555 /* ProductCell.swift in Sources */,
				AAD32E8D290415C600DDF555 /* NewTagView.swift in Sources */,
				AA49E1002906C37C00A995E4 /* SnapshotItem.swift in Sources */,
				AAD32E8829040D6000DDF555 /* ContentImageView.swift in Sources */,
				AAD32E7E290378C400DDF555 /* Goods.swift in Sources */,
				AAD32E7C290378AA00DDF555 /* Banner.swift in Sources */,
				AAD32E642902EA9F00DDF555 /* CollectionControllerFactory.swift in Sources */,
				AAD32E602902EA6000DDF555 /* TabType.swift in Sources */,
				AA49E0FE2906C32900A995E4 /* SystemAlert.swift in Sources */,
				AAD32E8A29040DB600DDF555 /* UIImageView+SDWebImage.swift in Sources */,
				AAD32E9C2905258900DDF555 /* Bannerable.swift in Sources */,
				AAD32E912904311E00DDF555 /* BannerCell.swift in Sources */,
				AAD32E81290409ED00DDF555 /* UIColor+extension.swift in Sources */,
				AAD32E662902EAD100DDF555 /* CollectionController.swift in Sources */,
				AAD32EA229055E0300DDF555 /* UIControl+Combine.swift in Sources */,
				AAD32E932904314000DDF555 /* BannerReusableModelView.swift in Sources */,
				AAD32E7A2903789300DDF555 /* Initialization.swift in Sources */,
				AAD32E6D2902EB9100DDF555 /* Bookmarkable.swift in Sources */,
				AAD32E972905251700DDF555 /* String+TextBoundSize.swift in Sources */,
				AAD32E5D2902EA1600DDF555 /* MainTabController.swift in Sources */,
				AAD32E8F290420AD00DDF555 /* BannerReusableView.swift in Sources */,
				AAD32E6A2902EB6C00DDF555 /* BookmarkModelView.swift in Sources */,
				AAD32E682902EB5C00DDF555 /* ProductModelView.swift in Sources */,
				AAD32E9E2905263300DDF555 /* ProductCellModelView.swift in Sources */,
				AAD32E202902DA4B00DDF555 /* SceneDelegate.swift in Sources */,
				AAD32E9529051EEB00DDF555 /* UIEdgeInset+usecase.swift in Sources */,
				AAD32E8329040A2400DDF555 /* Int+format.swift in Sources */,
				AAD32E6F2902EB9700DDF555 /* Modelable.swift in Sources */,
				AAD32E9A2905256200DDF555 /* ProductCellSize.swift in Sources */,
				AAD32E742903743300DDF555 /* TabItemConfiguration.swift in Sources */,
				AAD32EA529055F5500DDF555 /* DatabaseStore.swift in Sources */,
				AAD32E772903753C00DDF555 /* HTTPService.swift in Sources */,
			);
			runOnlyForDeploymentPostprocessing = 0;
		};
		AAD32E2C2902DA4C00DDF555 /* Sources */ = {
			isa = PBXSourcesBuildPhase;
			buildActionMask = 2147483647;
			files = (
				AAD32E352902DA4C00DDF555 /* SimpleProductListTests.swift in Sources */,
			);
			runOnlyForDeploymentPostprocessing = 0;
		};
/* End PBXSourcesBuildPhase section */

/* Begin PBXTargetDependency section */
		AAD32E322902DA4C00DDF555 /* PBXTargetDependency */ = {
			isa = PBXTargetDependency;
			target = AAD32E192902DA4B00DDF555 /* SimpleProductList */;
			targetProxy = AAD32E312902DA4C00DDF555 /* PBXContainerItemProxy */;
		};
/* End PBXTargetDependency section */

/* Begin PBXVariantGroup section */
		AAD32E282902DA4C00DDF555 /* LaunchScreen.storyboard */ = {
			isa = PBXVariantGroup;
			children = (
				AAD32E292902DA4C00DDF555 /* Base */,
			);
			name = LaunchScreen.storyboard;
			sourceTree = "<group>";
		};
/* End PBXVariantGroup section */

/* Begin XCBuildConfiguration section */
		AAD32E422902DA4C00DDF555 /* Debug */ = {
			isa = XCBuildConfiguration;
			buildSettings = {
				ALWAYS_SEARCH_USER_PATHS = NO;
				CLANG_ANALYZER_NONNULL = YES;
				CLANG_ANALYZER_NUMBER_OBJECT_CONVERSION = YES_AGGRESSIVE;
				CLANG_CXX_LANGUAGE_STANDARD = "gnu++20";
				CLANG_ENABLE_MODULES = YES;
				CLANG_ENABLE_OBJC_ARC = YES;
				CLANG_ENABLE_OBJC_WEAK = YES;
				CLANG_WARN_BLOCK_CAPTURE_AUTORELEASING = YES;
				CLANG_WARN_BOOL_CONVERSION = YES;
				CLANG_WARN_COMMA = YES;
				CLANG_WARN_CONSTANT_CONVERSION = YES;
				CLANG_WARN_DEPRECATED_OBJC_IMPLEMENTATIONS = YES;
				CLANG_WARN_DIRECT_OBJC_ISA_USAGE = YES_ERROR;
				CLANG_WARN_DOCUMENTATION_COMMENTS = YES;
				CLANG_WARN_EMPTY_BODY = YES;
				CLANG_WARN_ENUM_CONVERSION = YES;
				CLANG_WARN_INFINITE_RECURSION = YES;
				CLANG_WARN_INT_CONVERSION = YES;
				CLANG_WARN_NON_LITERAL_NULL_CONVERSION = YES;
				CLANG_WARN_OBJC_IMPLICIT_RETAIN_SELF = YES;
				CLANG_WARN_OBJC_LITERAL_CONVERSION = YES;
				CLANG_WARN_OBJC_ROOT_CLASS = YES_ERROR;
				CLANG_WARN_QUOTED_INCLUDE_IN_FRAMEWORK_HEADER = YES;
				CLANG_WARN_RANGE_LOOP_ANALYSIS = YES;
				CLANG_WARN_STRICT_PROTOTYPES = YES;
				CLANG_WARN_SUSPICIOUS_MOVE = YES;
				CLANG_WARN_UNGUARDED_AVAILABILITY = YES_AGGRESSIVE;
				CLANG_WARN_UNREACHABLE_CODE = YES;
				CLANG_WARN__DUPLICATE_METHOD_MATCH = YES;
				COPY_PHASE_STRIP = NO;
				DEBUG_INFORMATION_FORMAT = dwarf;
				ENABLE_STRICT_OBJC_MSGSEND = YES;
				ENABLE_TESTABILITY = YES;
				GCC_C_LANGUAGE_STANDARD = gnu11;
				GCC_DYNAMIC_NO_PIC = NO;
				GCC_NO_COMMON_BLOCKS = YES;
				GCC_OPTIMIZATION_LEVEL = 0;
				GCC_PREPROCESSOR_DEFINITIONS = (
					"DEBUG=1",
					"$(inherited)",
				);
				GCC_WARN_64_TO_32_BIT_CONVERSION = YES;
				GCC_WARN_ABOUT_RETURN_TYPE = YES_ERROR;
				GCC_WARN_UNDECLARED_SELECTOR = YES;
				GCC_WARN_UNINITIALIZED_AUTOS = YES_AGGRESSIVE;
				GCC_WARN_UNUSED_FUNCTION = YES;
				GCC_WARN_UNUSED_VARIABLE = YES;
				IPHONEOS_DEPLOYMENT_TARGET = 16.0;
				MTL_ENABLE_DEBUG_INFO = INCLUDE_SOURCE;
				MTL_FAST_MATH = YES;
				ONLY_ACTIVE_ARCH = YES;
				SDKROOT = iphoneos;
				SWIFT_ACTIVE_COMPILATION_CONDITIONS = DEBUG;
				SWIFT_OPTIMIZATION_LEVEL = "-Onone";
			};
			name = Debug;
		};
		AAD32E432902DA4C00DDF555 /* Release */ = {
			isa = XCBuildConfiguration;
			buildSettings = {
				ALWAYS_SEARCH_USER_PATHS = NO;
				CLANG_ANALYZER_NONNULL = YES;
				CLANG_ANALYZER_NUMBER_OBJECT_CONVERSION = YES_AGGRESSIVE;
				CLANG_CXX_LANGUAGE_STANDARD = "gnu++20";
				CLANG_ENABLE_MODULES = YES;
				CLANG_ENABLE_OBJC_ARC = YES;
				CLANG_ENABLE_OBJC_WEAK = YES;
				CLANG_WARN_BLOCK_CAPTURE_AUTORELEASING = YES;
				CLANG_WARN_BOOL_CONVERSION = YES;
				CLANG_WARN_COMMA = YES;
				CLANG_WARN_CONSTANT_CONVERSION = YES;
				CLANG_WARN_DEPRECATED_OBJC_IMPLEMENTATIONS = YES;
				CLANG_WARN_DIRECT_OBJC_ISA_USAGE = YES_ERROR;
				CLANG_WARN_DOCUMENTATION_COMMENTS = YES;
				CLANG_WARN_EMPTY_BODY = YES;
				CLANG_WARN_ENUM_CONVERSION = YES;
				CLANG_WARN_INFINITE_RECURSION = YES;
				CLANG_WARN_INT_CONVERSION = YES;
				CLANG_WARN_NON_LITERAL_NULL_CONVERSION = YES;
				CLANG_WARN_OBJC_IMPLICIT_RETAIN_SELF = YES;
				CLANG_WARN_OBJC_LITERAL_CONVERSION = YES;
				CLANG_WARN_OBJC_ROOT_CLASS = YES_ERROR;
				CLANG_WARN_QUOTED_INCLUDE_IN_FRAMEWORK_HEADER = YES;
				CLANG_WARN_RANGE_LOOP_ANALYSIS = YES;
				CLANG_WARN_STRICT_PROTOTYPES = YES;
				CLANG_WARN_SUSPICIOUS_MOVE = YES;
				CLANG_WARN_UNGUARDED_AVAILABILITY = YES_AGGRESSIVE;
				CLANG_WARN_UNREACHABLE_CODE = YES;
				CLANG_WARN__DUPLICATE_METHOD_MATCH = YES;
				COPY_PHASE_STRIP = NO;
				DEBUG_INFORMATION_FORMAT = "dwarf-with-dsym";
				ENABLE_NS_ASSERTIONS = NO;
				ENABLE_STRICT_OBJC_MSGSEND = YES;
				GCC_C_LANGUAGE_STANDARD = gnu11;
				GCC_NO_COMMON_BLOCKS = YES;
				GCC_WARN_64_TO_32_BIT_CONVERSION = YES;
				GCC_WARN_ABOUT_RETURN_TYPE = YES_ERROR;
				GCC_WARN_UNDECLARED_SELECTOR = YES;
				GCC_WARN_UNINITIALIZED_AUTOS = YES_AGGRESSIVE;
				GCC_WARN_UNUSED_FUNCTION = YES;
				GCC_WARN_UNUSED_VARIABLE = YES;
				IPHONEOS_DEPLOYMENT_TARGET = 16.0;
				MTL_ENABLE_DEBUG_INFO = NO;
				MTL_FAST_MATH = YES;
				SDKROOT = iphoneos;
				SWIFT_COMPILATION_MODE = wholemodule;
				SWIFT_OPTIMIZATION_LEVEL = "-O";
				VALIDATE_PRODUCT = YES;
			};
			name = Release;
		};
		AAD32E452902DA4C00DDF555 /* Debug */ = {
			isa = XCBuildConfiguration;
			buildSettings = {
				ASSETCATALOG_COMPILER_APPICON_NAME = AppIcon;
				ASSETCATALOG_COMPILER_GLOBAL_ACCENT_COLOR_NAME = AccentColor;
				CODE_SIGN_STYLE = Automatic;
				CURRENT_PROJECT_VERSION = 1;
				DEVELOPMENT_TEAM = 49Z8YTUEVW;
				GENERATE_INFOPLIST_FILE = YES;
				INFOPLIST_FILE = SimpleProductList/Info.plist;
				INFOPLIST_KEY_UIApplicationSupportsIndirectInputEvents = YES;
				INFOPLIST_KEY_UILaunchStoryboardName = LaunchScreen;
				INFOPLIST_KEY_UISupportedInterfaceOrientations_iPad = "UIInterfaceOrientationPortrait UIInterfaceOrientationPortraitUpsideDown UIInterfaceOrientationLandscapeLeft UIInterfaceOrientationLandscapeRight";
				INFOPLIST_KEY_UISupportedInterfaceOrientations_iPhone = "UIInterfaceOrientationPortrait UIInterfaceOrientationLandscapeLeft UIInterfaceOrientationLandscapeRight";
				LD_RUNPATH_SEARCH_PATHS = (
					"$(inherited)",
					"@executable_path/Frameworks",
				);
				MARKETING_VERSION = 1.0;
				PRODUCT_BUNDLE_IDENTIFIER = com.sungwoo.SimpleProductList;
				PRODUCT_NAME = "$(TARGET_NAME)";
				SWIFT_EMIT_LOC_STRINGS = YES;
				SWIFT_VERSION = 5.0;
				TARGETED_DEVICE_FAMILY = "1,2";
			};
			name = Debug;
		};
		AAD32E462902DA4C00DDF555 /* Release */ = {
			isa = XCBuildConfiguration;
			buildSettings = {
				ASSETCATALOG_COMPILER_APPICON_NAME = AppIcon;
				ASSETCATALOG_COMPILER_GLOBAL_ACCENT_COLOR_NAME = AccentColor;
				CODE_SIGN_STYLE = Automatic;
				CURRENT_PROJECT_VERSION = 1;
				DEVELOPMENT_TEAM = 49Z8YTUEVW;
				GENERATE_INFOPLIST_FILE = YES;
				INFOPLIST_FILE = SimpleProductList/Info.plist;
				INFOPLIST_KEY_UIApplicationSupportsIndirectInputEvents = YES;
				INFOPLIST_KEY_UILaunchStoryboardName = LaunchScreen;
				INFOPLIST_KEY_UISupportedInterfaceOrientations_iPad = "UIInterfaceOrientationPortrait UIInterfaceOrientationPortraitUpsideDown UIInterfaceOrientationLandscapeLeft UIInterfaceOrientationLandscapeRight";
				INFOPLIST_KEY_UISupportedInterfaceOrientations_iPhone = "UIInterfaceOrientationPortrait UIInterfaceOrientationLandscapeLeft UIInterfaceOrientationLandscapeRight";
				LD_RUNPATH_SEARCH_PATHS = (
					"$(inherited)",
					"@executable_path/Frameworks",
				);
				MARKETING_VERSION = 1.0;
				PRODUCT_BUNDLE_IDENTIFIER = com.sungwoo.SimpleProductList;
				PRODUCT_NAME = "$(TARGET_NAME)";
				SWIFT_EMIT_LOC_STRINGS = YES;
				SWIFT_VERSION = 5.0;
				TARGETED_DEVICE_FAMILY = "1,2";
			};
			name = Release;
		};
		AAD32E482902DA4C00DDF555 /* Debug */ = {
			isa = XCBuildConfiguration;
			buildSettings = {
				ALWAYS_EMBED_SWIFT_STANDARD_LIBRARIES = YES;
				BUNDLE_LOADER = "$(TEST_HOST)";
				CODE_SIGN_STYLE = Automatic;
				CURRENT_PROJECT_VERSION = 1;
				DEVELOPMENT_TEAM = 49Z8YTUEVW;
				GENERATE_INFOPLIST_FILE = YES;
				IPHONEOS_DEPLOYMENT_TARGET = 16.0;
				MARKETING_VERSION = 1.0;
				PRODUCT_BUNDLE_IDENTIFIER = com.sungwoo.SimpleProductListTests;
				PRODUCT_NAME = "$(TARGET_NAME)";
				SWIFT_EMIT_LOC_STRINGS = NO;
				SWIFT_VERSION = 5.0;
				TARGETED_DEVICE_FAMILY = "1,2";
				TEST_HOST = "$(BUILT_PRODUCTS_DIR)/SimpleProductList.app/$(BUNDLE_EXECUTABLE_FOLDER_PATH)/SimpleProductList";
			};
			name = Debug;
		};
		AAD32E492902DA4C00DDF555 /* Release */ = {
			isa = XCBuildConfiguration;
			buildSettings = {
				ALWAYS_EMBED_SWIFT_STANDARD_LIBRARIES = YES;
				BUNDLE_LOADER = "$(TEST_HOST)";
				CODE_SIGN_STYLE = Automatic;
				CURRENT_PROJECT_VERSION = 1;
				DEVELOPMENT_TEAM = 49Z8YTUEVW;
				GENERATE_INFOPLIST_FILE = YES;
				IPHONEOS_DEPLOYMENT_TARGET = 16.0;
				MARKETING_VERSION = 1.0;
				PRODUCT_BUNDLE_IDENTIFIER = com.sungwoo.SimpleProductListTests;
				PRODUCT_NAME = "$(TARGET_NAME)";
				SWIFT_EMIT_LOC_STRINGS = NO;
				SWIFT_VERSION = 5.0;
				TARGETED_DEVICE_FAMILY = "1,2";
				TEST_HOST = "$(BUILT_PRODUCTS_DIR)/SimpleProductList.app/$(BUNDLE_EXECUTABLE_FOLDER_PATH)/SimpleProductList";
			};
			name = Release;
		};
/* End XCBuildConfiguration section */

/* Begin XCConfigurationList section */
		AAD32E152902DA4B00DDF555 /* Build configuration list for PBXProject "SimpleProductList" */ = {
			isa = XCConfigurationList;
			buildConfigurations = (
				AAD32E422902DA4C00DDF555 /* Debug */,
				AAD32E432902DA4C00DDF555 /* Release */,
			);
			defaultConfigurationIsVisible = 0;
			defaultConfigurationName = Release;
		};
		AAD32E442902DA4C00DDF555 /* Build configuration list for PBXNativeTarget "SimpleProductList" */ = {
			isa = XCConfigurationList;
			buildConfigurations = (
				AAD32E452902DA4C00DDF555 /* Debug */,
				AAD32E462902DA4C00DDF555 /* Release */,
			);
			defaultConfigurationIsVisible = 0;
			defaultConfigurationName = Release;
		};
		AAD32E472902DA4C00DDF555 /* Build configuration list for PBXNativeTarget "SimpleProductListTests" */ = {
			isa = XCConfigurationList;
			buildConfigurations = (
				AAD32E482902DA4C00DDF555 /* Debug */,
				AAD32E492902DA4C00DDF555 /* Release */,
			);
			defaultConfigurationIsVisible = 0;
			defaultConfigurationName = Release;
		};
/* End XCConfigurationList section */

/* Begin XCRemoteSwiftPackageReference section */
		AA49E0FA2906BF5D00A995E4 /* XCRemoteSwiftPackageReference "Alamofire" */ = {
			isa = XCRemoteSwiftPackageReference;
			repositoryURL = "https://github.com/Alamofire/Alamofire.git";
			requirement = {
				kind = upToNextMajorVersion;
				minimumVersion = 5.6.1;
			};
		};
		AAD32E4D2902DB6300DDF555 /* XCRemoteSwiftPackageReference "realm-swift" */ = {
			isa = XCRemoteSwiftPackageReference;
			repositoryURL = "https://github.com/realm/realm-swift.git";
			requirement = {
				branch = master;
				kind = branch;
			};
		};
		AAD32E522902DB7900DDF555 /* XCRemoteSwiftPackageReference "SDWebImage" */ = {
			isa = XCRemoteSwiftPackageReference;
			repositoryURL = "https://github.com/SDWebImage/SDWebImage.git";
			requirement = {
				kind = upToNextMajorVersion;
				minimumVersion = 5.0.0;
			};
		};
		AAD32E552902DBA900DDF555 /* XCRemoteSwiftPackageReference "SnapKit" */ = {
			isa = XCRemoteSwiftPackageReference;
			repositoryURL = "https://github.com/SnapKit/SnapKit.git";
			requirement = {
				kind = upToNextMajorVersion;
				minimumVersion = 5.0.0;
			};
		};
/* End XCRemoteSwiftPackageReference section */

/* Begin XCSwiftPackageProductDependency section */
		AA49E0FB2906BF5D00A995E4 /* Alamofire */ = {
			isa = XCSwiftPackageProductDependency;
			package = AA49E0FA2906BF5D00A995E4 /* XCRemoteSwiftPackageReference "Alamofire" */;
			productName = Alamofire;
		};
		AAD32E4E2902DB6300DDF555 /* Realm */ = {
			isa = XCSwiftPackageProductDependency;
			package = AAD32E4D2902DB6300DDF555 /* XCRemoteSwiftPackageReference "realm-swift" */;
			productName = Realm;
		};
		AAD32E502902DB6300DDF555 /* RealmSwift */ = {
			isa = XCSwiftPackageProductDependency;
			package = AAD32E4D2902DB6300DDF555 /* XCRemoteSwiftPackageReference "realm-swift" */;
			productName = RealmSwift;
		};
		AAD32E532902DB7900DDF555 /* SDWebImage */ = {
			isa = XCSwiftPackageProductDependency;
			package = AAD32E522902DB7900DDF555 /* XCRemoteSwiftPackageReference "SDWebImage" */;
			productName = SDWebImage;
		};
		AAD32E562902DBA900DDF555 /* SnapKit */ = {
			isa = XCSwiftPackageProductDependency;
			package = AAD32E552902DBA900DDF555 /* XCRemoteSwiftPackageReference "SnapKit" */;
			productName = SnapKit;
		};
/* End XCSwiftPackageProductDependency section */
	};
	rootObject = AAD32E122902DA4B00DDF555 /* Project object */;
}
