// !$*UTF8*$!
{
	archiveVersion = 1;
	classes = {
	};
	objectVersion = 56;
	objects = {

/* Begin PBXBuildFile section */
		AAD32E1E2902DA4B00DDF555 /* AppDelegate.swift in Sources */ = {isa = PBXBuildFile; fileRef = AAD32E1D2902DA4B00DDF555 /* AppDelegate.swift */; };
		AAD32E202902DA4B00DDF555 /* SceneDelegate.swift in Sources */ = {isa = PBXBuildFile; fileRef = AAD32E1F2902DA4B00DDF555 /* SceneDelegate.swift */; };
		AAD32E222902DA4B00DDF555 /* ViewController.swift in Sources */ = {isa = PBXBuildFile; fileRef = AAD32E212902DA4B00DDF555 /* ViewController.swift */; };
		AAD32E252902DA4B00DDF555 /* Main.storyboard in Resources */ = {isa = PBXBuildFile; fileRef = AAD32E232902DA4B00DDF555 /* Main.storyboard */; };
		AAD32E272902DA4C00DDF555 /* Assets.xcassets in Resources */ = {isa = PBXBuildFile; fileRef = AAD32E262902DA4C00DDF555 /* Assets.xcassets */; };
		AAD32E2A2902DA4C00DDF555 /* LaunchScreen.storyboard in Resources */ = {isa = PBXBuildFile; fileRef = AAD32E282902DA4C00DDF555 /* LaunchScreen.storyboard */; };
		AAD32E352902DA4C00DDF555 /* SimpleProductListTests.swift in Sources */ = {isa = PBXBuildFile; fileRef = AAD32E342902DA4C00DDF555 /* SimpleProductListTests.swift */; };
		AAD32E4F2902DB6300DDF555 /* Realm in Frameworks */ = {isa = PBXBuildFile; productRef = AAD32E4E2902DB6300DDF555 /* Realm */; };
		AAD32E512902DB6300DDF555 /* RealmSwift in Frameworks */ = {isa = PBXBuildFile; productRef = AAD32E502902DB6300DDF555 /* RealmSwift */; };
		AAD32E542902DB7900DDF555 /* SDWebImage in Frameworks */ = {isa = PBXBuildFile; productRef = AAD32E532902DB7900DDF555 /* SDWebImage */; };
		AAD32E572902DBA900DDF555 /* SnapKit in Frameworks */ = {isa = PBXBuildFile; productRef = AAD32E562902DBA900DDF555 /* SnapKit */; };
/* End PBXBuildFile section */

/* Begin PBXContainerItemProxy section */
		AAD32E312902DA4C00DDF555 /* PBXContainerItemProxy */ = {
			isa = PBXContainerItemProxy;
			containerPortal = AAD32E122902DA4B00DDF555 /* Project object */;
			proxyType = 1;
			remoteGlobalIDString = AAD32E192902DA4B00DDF555;
			remoteInfo = SimpleProductList;
		};
/* End PBXContainerItemProxy section */

/* Begin PBXFileReference section */
		AAD32E1A2902DA4B00DDF555 /* SimpleProductList.app */ = {isa = PBXFileReference; explicitFileType = wrapper.application; includeInIndex = 0; path = SimpleProductList.app; sourceTree = BUILT_PRODUCTS_DIR; };
		AAD32E1D2902DA4B00DDF555 /* AppDelegate.swift */ = {isa = PBXFileReference; lastKnownFileType = sourcecode.swift; path = AppDelegate.swift; sourceTree = "<group>"; };
		AAD32E1F2902DA4B00DDF555 /* SceneDelegate.swift */ = {isa = PBXFileReference; lastKnownFileType = sourcecode.swift; path = SceneDelegate.swift; sourceTree = "<group>"; };
		AAD32E212902DA4B00DDF555 /* ViewController.swift */ = {isa = PBXFileReference; lastKnownFileType = sourcecode.swift; path = ViewController.swift; sourceTree = "<group>"; };
		AAD32E242902DA4B00DDF555 /* Base */ = {isa = PBXFileReference; lastKnownFileType = file.storyboard; name = Base; path = Base.lproj/Main.storyboard; sourceTree = "<group>"; };
		AAD32E262902DA4C00DDF555 /* Assets.xcassets */ = {isa = PBXFileReference; lastKnownFileType = folder.assetcatalog; path = Assets.xcassets; sourceTree = "<group>"; };
		AAD32E292902DA4C00DDF555 /* Base */ = {isa = PBXFileReference; lastKnownFileType = file.storyboard; name = Base; path = Base.lproj/LaunchScreen.storyboard; sourceTree = "<group>"; };
		AAD32E2B2902DA4C00DDF555 /* Info.plist */ = {isa = PBXFileReference; lastKnownFileType = text.plist.xml; path = Info.plist; sourceTree = "<group>"; };
		AAD32E302902DA4C00DDF555 /* SimpleProductListTests.xctest */ = {isa = PBXFileReference; explicitFileType = wrapper.cfbundle; includeInIndex = 0; path = SimpleProductListTests.xctest; sourceTree = BUILT_PRODUCTS_DIR; };
		AAD32E342902DA4C00DDF555 /* SimpleProductListTests.swift */ = {isa = PBXFileReference; lastKnownFileType = sourcecode.swift; path = SimpleProductListTests.swift; sourceTree = "<group>"; };
		AAD32E3E2902DA4C00DDF555 /* SimpleProductListUITests.swift */ = {isa = PBXFileReference; lastKnownFileType = sourcecode.swift; path = SimpleProductListUITests.swift; sourceTree = "<group>"; };
		AAD32E402902DA4C00DDF555 /* SimpleProductListUITestsLaunchTests.swift */ = {isa = PBXFileReference; lastKnownFileType = sourcecode.swift; path = SimpleProductListUITestsLaunchTests.swift; sourceTree = "<group>"; };
/* End PBXFileReference section */

/* Begin PBXFrameworksBuildPhase section */
		AAD32E172902DA4B00DDF555 /* Frameworks */ = {
			isa = PBXFrameworksBuildPhase;
			buildActionMask = 2147483647;
			files = (
				AAD32E542902DB7900DDF555 /* SDWebImage in Frameworks */,
				AAD32E572902DBA900DDF555 /* SnapKit in Frameworks */,
				AAD32E512902DB6300DDF555 /* RealmSwift in Frameworks */,
				AAD32E4F2902DB6300DDF555 /* Realm in Frameworks */,
			);
			runOnlyForDeploymentPostprocessing = 0;
		};
		AAD32E2D2902DA4C00DDF555 /* Frameworks */ = {
			isa = PBXFrameworksBuildPhase;
			buildActionMask = 2147483647;
			files = (
			);
			runOnlyForDeploymentPostprocessing = 0;
		};
/* End PBXFrameworksBuildPhase section */

/* Begin PBXGroup section */
		AAD32E112902DA4B00DDF555 = {
			isa = PBXGroup;
			children = (
				AAD32E1C2902DA4B00DDF555 /* SimpleProductList */,
				AAD32E332902DA4C00DDF555 /* SimpleProductListTests */,
				AAD32E3D2902DA4C00DDF555 /* SimpleProductListUITests */,
				AAD32E1B2902DA4B00DDF555 /* Products */,
			);
			sourceTree = "<group>";
		};
		AAD32E1B2902DA4B00DDF555 /* Products */ = {
			isa = PBXGroup;
			children = (
				AAD32E1A2902DA4B00DDF555 /* SimpleProductList.app */,
				AAD32E302902DA4C00DDF555 /* SimpleProductListTests.xctest */,
			);
			name = Products;
			sourceTree = "<group>";
		};
		AAD32E1C2902DA4B00DDF555 /* SimpleProductList */ = {
			isa = PBXGroup;
			children = (
				AAD32E1D2902DA4B00DDF555 /* AppDelegate.swift */,
				AAD32E1F2902DA4B00DDF555 /* SceneDelegate.swift */,
				AAD32E212902DA4B00DDF555 /* ViewController.swift */,
				AAD32E232902DA4B00DDF555 /* Main.storyboard */,
				AAD32E262902DA4C00DDF555 /* Assets.xcassets */,
				AAD32E282902DA4C00DDF555 /* LaunchScreen.storyboard */,
				AAD32E2B2902DA4C00DDF555 /* Info.plist */,
			);
			path = SimpleProductList;
			sourceTree = "<group>";
		};
		AAD32E332902DA4C00DDF555 /* SimpleProductListTests */ = {
			isa = PBXGroup;
			children = (
				AAD32E342902DA4C00DDF555 /* SimpleProductListTests.swift */,
			);
			path = SimpleProductListTests;
			sourceTree = "<group>";
		};
		AAD32E3D2902DA4C00DDF555 /* SimpleProductListUITests */ = {
			isa = PBXGroup;
			children = (
				AAD32E3E2902DA4C00DDF555 /* SimpleProductListUITests.swift */,
				AAD32E402902DA4C00DDF555 /* SimpleProductListUITestsLaunchTests.swift */,
			);
			path = SimpleProductListUITests;
			sourceTree = "<group>";
		};
/* End PBXGroup section */

/* Begin PBXNativeTarget section */
		AAD32E192902DA4B00DDF555 /* SimpleProductList */ = {
			isa = PBXNativeTarget;
			buildConfigurationList = AAD32E442902DA4C00DDF555 /* Build configuration list for PBXNativeTarget "SimpleProductList" */;
			buildPhases = (
				AAD32E162902DA4B00DDF555 /* Sources */,
				AAD32E172902DA4B00DDF555 /* Frameworks */,
				AAD32E182902DA4B00DDF555 /* Resources */,
			);
			buildRules = (
			);
			dependencies = (
			);
			name = SimpleProductList;
			packageProductDependencies = (
				AAD32E4E2902DB6300DDF555 /* Realm */,
				AAD32E502902DB6300DDF555 /* RealmSwift */,
				AAD32E532902DB7900DDF555 /* SDWebImage */,
				AAD32E562902DBA900DDF555 /* SnapKit */,
			);
			productName = SimpleProductList;
			productReference = AAD32E1A2902DA4B00DDF555 /* SimpleProductList.app */;
			productType = "com.apple.product-type.application";
		};
		AAD32E2F2902DA4C00DDF555 /* SimpleProductListTests */ = {
			isa = PBXNativeTarget;
			buildConfigurationList = AAD32E472902DA4C00DDF555 /* Build configuration list for PBXNativeTarget "SimpleProductListTests" */;
			buildPhases = (
				AAD32E2C2902DA4C00DDF555 /* Sources */,
				AAD32E2D2902DA4C00DDF555 /* Frameworks */,
				AAD32E2E2902DA4C00DDF555 /* Resources */,
			);
			buildRules = (
			);
			dependencies = (
				AAD32E322902DA4C00DDF555 /* PBXTargetDependency */,
			);
			name = SimpleProductListTests;
			productName = SimpleProductListTests;
			productReference = AAD32E302902DA4C00DDF555 /* SimpleProductListTests.xctest */;
			productType = "com.apple.product-type.bundle.unit-test";
		};
/* End PBXNativeTarget section */

/* Begin PBXProject section */
		AAD32E122902DA4B00DDF555 /* Project object */ = {
			isa = PBXProject;
			attributes = {
				BuildIndependentTargetsInParallel = 1;
				LastSwiftUpdateCheck = 1400;
				LastUpgradeCheck = 1400;
				TargetAttributes = {
					AAD32E192902DA4B00DDF555 = {
						CreatedOnToolsVersion = 14.0.1;
					};
					AAD32E2F2902DA4C00DDF555 = {
						CreatedOnToolsVersion = 14.0.1;
						TestTargetID = AAD32E192902DA4B00DDF555;
					};
				};
			};
			buildConfigurationList = AAD32E152902DA4B00DDF555 /* Build configuration list for PBXProject "SimpleProductList" */;
			compatibilityVersion = "Xcode 14.0";
			developmentRegion = en;
			hasScannedForEncodings = 0;
			knownRegions = (
				en,
				Base,
			);
			mainGroup = AAD32E112902DA4B00DDF555;
			packageReferences = (
				AAD32E4D2902DB6300DDF555 /* XCRemoteSwiftPackageReference "realm-swift" */,
				AAD32E522902DB7900DDF555 /* XCRemoteSwiftPackageReference "SDWebImage" */,
				AAD32E552902DBA900DDF555 /* XCRemoteSwiftPackageReference "SnapKit" */,
			);
			productRefGroup = AAD32E1B2902DA4B00DDF555 /* Products */;
			projectDirPath = "";
			projectRoot = "";
			targets = (
				AAD32E192902DA4B00DDF555 /* SimpleProductList */,
				AAD32E2F2902DA4C00DDF555 /* SimpleProductListTests */,
			);
		};
/* End PBXProject section */

/* Begin PBXResourcesBuildPhase section */
		AAD32E182902DA4B00DDF555 /* Resources */ = {
			isa = PBXResourcesBuildPhase;
			buildActionMask = 2147483647;
			files = (
				AAD32E2A2902DA4C00DDF555 /* LaunchScreen.storyboard in Resources */,
				AAD32E272902DA4C00DDF555 /* Assets.xcassets in Resources */,
				AAD32E252902DA4B00DDF555 /* Main.storyboard in Resources */,
			);
			runOnlyForDeploymentPostprocessing = 0;
		};
		AAD32E2E2902DA4C00DDF555 /* Resources */ = {
			isa = PBXResourcesBuildPhase;
			buildActionMask = 2147483647;
			files = (
			);
			runOnlyForDeploymentPostprocessing = 0;
		};
/* End PBXResourcesBuildPhase section */

/* Begin PBXSourcesBuildPhase section */
		AAD32E162902DA4B00DDF555 /* Sources */ = {
			isa = PBXSourcesBuildPhase;
			buildActionMask = 2147483647;
			files = (
				AAD32E222902DA4B00DDF555 /* ViewController.swift in Sources */,
				AAD32E1E2902DA4B00DDF555 /* AppDelegate.swift in Sources */,
				AAD32E202902DA4B00DDF555 /* SceneDelegate.swift in Sources */,
			);
			runOnlyForDeploymentPostprocessing = 0;
		};
		AAD32E2C2902DA4C00DDF555 /* Sources */ = {
			isa = PBXSourcesBuildPhase;
			buildActionMask = 2147483647;
			files = (
				AAD32E352902DA4C00DDF555 /* SimpleProductListTests.swift in Sources */,
			);
			runOnlyForDeploymentPostprocessing = 0;
		};
/* End PBXSourcesBuildPhase section */

/* Begin PBXTargetDependency section */
		AAD32E322902DA4C00DDF555 /* PBXTargetDependency */ = {
			isa = PBXTargetDependency;
			target = AAD32E192902DA4B00DDF555 /* SimpleProductList */;
			targetProxy = AAD32E312902DA4C00DDF555 /* PBXContainerItemProxy */;
		};
/* End PBXTargetDependency section */

/* Begin PBXVariantGroup section */
		AAD32E232902DA4B00DDF555 /* Main.storyboard */ = {
			isa = PBXVariantGroup;
			children = (
				AAD32E242902DA4B00DDF555 /* Base */,
			);
			name = Main.storyboard;
			sourceTree = "<group>";
		};
		AAD32E282902DA4C00DDF555 /* LaunchScreen.storyboard */ = {
			isa = PBXVariantGroup;
			children = (
				AAD32E292902DA4C00DDF555 /* Base */,
			);
			name = LaunchScreen.storyboard;
			sourceTree = "<group>";
		};
/* End PBXVariantGroup section */

/* Begin XCBuildConfiguration section */
		AAD32E422902DA4C00DDF555 /* Debug */ = {
			isa = XCBuildConfiguration;
			buildSettings = {
				ALWAYS_SEARCH_USER_PATHS = NO;
				CLANG_ANALYZER_NONNULL = YES;
				CLANG_ANALYZER_NUMBER_OBJECT_CONVERSION = YES_AGGRESSIVE;
				CLANG_CXX_LANGUAGE_STANDARD = "gnu++20";
				CLANG_ENABLE_MODULES = YES;
				CLANG_ENABLE_OBJC_ARC = YES;
				CLANG_ENABLE_OBJC_WEAK = YES;
				CLANG_WARN_BLOCK_CAPTURE_AUTORELEASING = YES;
				CLANG_WARN_BOOL_CONVERSION = YES;
				CLANG_WARN_COMMA = YES;
				CLANG_WARN_CONSTANT_CONVERSION = YES;
				CLANG_WARN_DEPRECATED_OBJC_IMPLEMENTATIONS = YES;
				CLANG_WARN_DIRECT_OBJC_ISA_USAGE = YES_ERROR;
				CLANG_WARN_DOCUMENTATION_COMMENTS = YES;
				CLANG_WARN_EMPTY_BODY = YES;
				CLANG_WARN_ENUM_CONVERSION = YES;
				CLANG_WARN_INFINITE_RECURSION = YES;
				CLANG_WARN_INT_CONVERSION = YES;
				CLANG_WARN_NON_LITERAL_NULL_CONVERSION = YES;
				CLANG_WARN_OBJC_IMPLICIT_RETAIN_SELF = YES;
				CLANG_WARN_OBJC_LITERAL_CONVERSION = YES;
				CLANG_WARN_OBJC_ROOT_CLASS = YES_ERROR;
				CLANG_WARN_QUOTED_INCLUDE_IN_FRAMEWORK_HEADER = YES;
				CLANG_WARN_RANGE_LOOP_ANALYSIS = YES;
				CLANG_WARN_STRICT_PROTOTYPES = YES;
				CLANG_WARN_SUSPICIOUS_MOVE = YES;
				CLANG_WARN_UNGUARDED_AVAILABILITY = YES_AGGRESSIVE;
				CLANG_WARN_UNREACHABLE_CODE = YES;
				CLANG_WARN__DUPLICATE_METHOD_MATCH = YES;
				COPY_PHASE_STRIP = NO;
				DEBUG_INFORMATION_FORMAT = dwarf;
				ENABLE_STRICT_OBJC_MSGSEND = YES;
				ENABLE_TESTABILITY = YES;
				GCC_C_LANGUAGE_STANDARD = gnu11;
				GCC_DYNAMIC_NO_PIC = NO;
				GCC_NO_COMMON_BLOCKS = YES;
				GCC_OPTIMIZATION_LEVEL = 0;
				GCC_PREPROCESSOR_DEFINITIONS = (
					"DEBUG=1",
					"$(inherited)",
				);
				GCC_WARN_64_TO_32_BIT_CONVERSION = YES;
				GCC_WARN_ABOUT_RETURN_TYPE = YES_ERROR;
				GCC_WARN_UNDECLARED_SELECTOR = YES;
				GCC_WARN_UNINITIALIZED_AUTOS = YES_AGGRESSIVE;
				GCC_WARN_UNUSED_FUNCTION = YES;
				GCC_WARN_UNUSED_VARIABLE = YES;
				IPHONEOS_DEPLOYMENT_TARGET = 16.0;
				MTL_ENABLE_DEBUG_INFO = INCLUDE_SOURCE;
				MTL_FAST_MATH = YES;
				ONLY_ACTIVE_ARCH = YES;
				SDKROOT = iphoneos;
				SWIFT_ACTIVE_COMPILATION_CONDITIONS = DEBUG;
				SWIFT_OPTIMIZATION_LEVEL = "-Onone";
			};
			name = Debug;
		};
		AAD32E432902DA4C00DDF555 /* Release */ = {
			isa = XCBuildConfiguration;
			buildSettings = {
				ALWAYS_SEARCH_USER_PATHS = NO;
				CLANG_ANALYZER_NONNULL = YES;
				CLANG_ANALYZER_NUMBER_OBJECT_CONVERSION = YES_AGGRESSIVE;
				CLANG_CXX_LANGUAGE_STANDARD = "gnu++20";
				CLANG_ENABLE_MODULES = YES;
				CLANG_ENABLE_OBJC_ARC = YES;
				CLANG_ENABLE_OBJC_WEAK = YES;
				CLANG_WARN_BLOCK_CAPTURE_AUTORELEASING = YES;
				CLANG_WARN_BOOL_CONVERSION = YES;
				CLANG_WARN_COMMA = YES;
				CLANG_WARN_CONSTANT_CONVERSION = YES;
				CLANG_WARN_DEPRECATED_OBJC_IMPLEMENTATIONS = YES;
				CLANG_WARN_DIRECT_OBJC_ISA_USAGE = YES_ERROR;
				CLANG_WARN_DOCUMENTATION_COMMENTS = YES;
				CLANG_WARN_EMPTY_BODY = YES;
				CLANG_WARN_ENUM_CONVERSION = YES;
				CLANG_WARN_INFINITE_RECURSION = YES;
				CLANG_WARN_INT_CONVERSION = YES;
				CLANG_WARN_NON_LITERAL_NULL_CONVERSION = YES;
				CLANG_WARN_OBJC_IMPLICIT_RETAIN_SELF = YES;
				CLANG_WARN_OBJC_LITERAL_CONVERSION = YES;
				CLANG_WARN_OBJC_ROOT_CLASS = YES_ERROR;
				CLANG_WARN_QUOTED_INCLUDE_IN_FRAMEWORK_HEADER = YES;
				CLANG_WARN_RANGE_LOOP_ANALYSIS = YES;
				CLANG_WARN_STRICT_PROTOTYPES = YES;
				CLANG_WARN_SUSPICIOUS_MOVE = YES;
				CLANG_WARN_UNGUARDED_AVAILABILITY = YES_AGGRESSIVE;
				CLANG_WARN_UNREACHABLE_CODE = YES;
				CLANG_WARN__DUPLICATE_METHOD_MATCH = YES;
				COPY_PHASE_STRIP = NO;
				DEBUG_INFORMATION_FORMAT = "dwarf-with-dsym";
				ENABLE_NS_ASSERTIONS = NO;
				ENABLE_STRICT_OBJC_MSGSEND = YES;
				GCC_C_LANGUAGE_STANDARD = gnu11;
				GCC_NO_COMMON_BLOCKS = YES;
				GCC_WARN_64_TO_32_BIT_CONVERSION = YES;
				GCC_WARN_ABOUT_RETURN_TYPE = YES_ERROR;
				GCC_WARN_UNDECLARED_SELECTOR = YES;
				GCC_WARN_UNINITIALIZED_AUTOS = YES_AGGRESSIVE;
				GCC_WARN_UNUSED_FUNCTION = YES;
				GCC_WARN_UNUSED_VARIABLE = YES;
				IPHONEOS_DEPLOYMENT_TARGET = 16.0;
				MTL_ENABLE_DEBUG_INFO = NO;
				MTL_FAST_MATH = YES;
				SDKROOT = iphoneos;
				SWIFT_COMPILATION_MODE = wholemodule;
				SWIFT_OPTIMIZATION_LEVEL = "-O";
				VALIDATE_PRODUCT = YES;
			};
			name = Release;
		};
		AAD32E452902DA4C00DDF555 /* Debug */ = {
			isa = XCBuildConfiguration;
			buildSettings = {
				ASSETCATALOG_COMPILER_APPICON_NAME = AppIcon;
				ASSETCATALOG_COMPILER_GLOBAL_ACCENT_COLOR_NAME = AccentColor;
				CODE_SIGN_STYLE = Automatic;
				CURRENT_PROJECT_VERSION = 1;
				DEVELOPMENT_TEAM = 49Z8YTUEVW;
				GENERATE_INFOPLIST_FILE = YES;
				INFOPLIST_FILE = SimpleProductList/Info.plist;
				INFOPLIST_KEY_UIApplicationSupportsIndirectInputEvents = YES;
				INFOPLIST_KEY_UILaunchStoryboardName = LaunchScreen;
				INFOPLIST_KEY_UIMainStoryboardFile = Main;
				INFOPLIST_KEY_UISupportedInterfaceOrientations_iPad = "UIInterfaceOrientationPortrait UIInterfaceOrientationPortraitUpsideDown UIInterfaceOrientationLandscapeLeft UIInterfaceOrientationLandscapeRight";
				INFOPLIST_KEY_UISupportedInterfaceOrientations_iPhone = "UIInterfaceOrientationPortrait UIInterfaceOrientationLandscapeLeft UIInterfaceOrientationLandscapeRight";
				LD_RUNPATH_SEARCH_PATHS = (
					"$(inherited)",
					"@executable_path/Frameworks",
				);
				MARKETING_VERSION = 1.0;
				PRODUCT_BUNDLE_IDENTIFIER = com.sungwoo.SimpleProductList;
				PRODUCT_NAME = "$(TARGET_NAME)";
				SWIFT_EMIT_LOC_STRINGS = YES;
				SWIFT_VERSION = 5.0;
				TARGETED_DEVICE_FAMILY = "1,2";
			};
			name = Debug;
		};
		AAD32E462902DA4C00DDF555 /* Release */ = {
			isa = XCBuildConfiguration;
			buildSettings = {
				ASSETCATALOG_COMPILER_APPICON_NAME = AppIcon;
				ASSETCATALOG_COMPILER_GLOBAL_ACCENT_COLOR_NAME = AccentColor;
				CODE_SIGN_STYLE = Automatic;
				CURRENT_PROJECT_VERSION = 1;
				DEVELOPMENT_TEAM = 49Z8YTUEVW;
				GENERATE_INFOPLIST_FILE = YES;
				INFOPLIST_FILE = SimpleProductList/Info.plist;
				INFOPLIST_KEY_UIApplicationSupportsIndirectInputEvents = YES;
				INFOPLIST_KEY_UILaunchStoryboardName = LaunchScreen;
				INFOPLIST_KEY_UIMainStoryboardFile = Main;
				INFOPLIST_KEY_UISupportedInterfaceOrientations_iPad = "UIInterfaceOrientationPortrait UIInterfaceOrientationPortraitUpsideDown UIInterfaceOrientationLandscapeLeft UIInterfaceOrientationLandscapeRight";
				INFOPLIST_KEY_UISupportedInterfaceOrientations_iPhone = "UIInterfaceOrientationPortrait UIInterfaceOrientationLandscapeLeft UIInterfaceOrientationLandscapeRight";
				LD_RUNPATH_SEARCH_PATHS = (
					"$(inherited)",
					"@executable_path/Frameworks",
				);
				MARKETING_VERSION = 1.0;
				PRODUCT_BUNDLE_IDENTIFIER = com.sungwoo.SimpleProductList;
				PRODUCT_NAME = "$(TARGET_NAME)";
				SWIFT_EMIT_LOC_STRINGS = YES;
				SWIFT_VERSION = 5.0;
				TARGETED_DEVICE_FAMILY = "1,2";
			};
			name = Release;
		};
		AAD32E482902DA4C00DDF555 /* Debug */ = {
			isa = XCBuildConfiguration;
			buildSettings = {
				ALWAYS_EMBED_SWIFT_STANDARD_LIBRARIES = YES;
				BUNDLE_LOADER = "$(TEST_HOST)";
				CODE_SIGN_STYLE = Automatic;
				CURRENT_PROJECT_VERSION = 1;
				DEVELOPMENT_TEAM = 49Z8YTUEVW;
				GENERATE_INFOPLIST_FILE = YES;
				IPHONEOS_DEPLOYMENT_TARGET = 16.0;
				MARKETING_VERSION = 1.0;
				PRODUCT_BUNDLE_IDENTIFIER = com.sungwoo.SimpleProductListTests;
				PRODUCT_NAME = "$(TARGET_NAME)";
				SWIFT_EMIT_LOC_STRINGS = NO;
				SWIFT_VERSION = 5.0;
				TARGETED_DEVICE_FAMILY = "1,2";
				TEST_HOST = "$(BUILT_PRODUCTS_DIR)/SimpleProductList.app/$(BUNDLE_EXECUTABLE_FOLDER_PATH)/SimpleProductList";
			};
			name = Debug;
		};
		AAD32E492902DA4C00DDF555 /* Release */ = {
			isa = XCBuildConfiguration;
			buildSettings = {
				ALWAYS_EMBED_SWIFT_STANDARD_LIBRARIES = YES;
				BUNDLE_LOADER = "$(TEST_HOST)";
				CODE_SIGN_STYLE = Automatic;
				CURRENT_PROJECT_VERSION = 1;
				DEVELOPMENT_TEAM = 49Z8YTUEVW;
				GENERATE_INFOPLIST_FILE = YES;
				IPHONEOS_DEPLOYMENT_TARGET = 16.0;
				MARKETING_VERSION = 1.0;
				PRODUCT_BUNDLE_IDENTIFIER = com.sungwoo.SimpleProductListTests;
				PRODUCT_NAME = "$(TARGET_NAME)";
				SWIFT_EMIT_LOC_STRINGS = NO;
				SWIFT_VERSION = 5.0;
				TARGETED_DEVICE_FAMILY = "1,2";
				TEST_HOST = "$(BUILT_PRODUCTS_DIR)/SimpleProductList.app/$(BUNDLE_EXECUTABLE_FOLDER_PATH)/SimpleProductList";
			};
			name = Release;
		};
/* End XCBuildConfiguration section */

/* Begin XCConfigurationList section */
		AAD32E152902DA4B00DDF555 /* Build configuration list for PBXProject "SimpleProductList" */ = {
			isa = XCConfigurationList;
			buildConfigurations = (
				AAD32E422902DA4C00DDF555 /* Debug */,
				AAD32E432902DA4C00DDF555 /* Release */,
			);
			defaultConfigurationIsVisible = 0;
			defaultConfigurationName = Release;
		};
		AAD32E442902DA4C00DDF555 /* Build configuration list for PBXNativeTarget "SimpleProductList" */ = {
			isa = XCConfigurationList;
			buildConfigurations = (
				AAD32E452902DA4C00DDF555 /* Debug */,
				AAD32E462902DA4C00DDF555 /* Release */,
			);
			defaultConfigurationIsVisible = 0;
			defaultConfigurationName = Release;
		};
		AAD32E472902DA4C00DDF555 /* Build configuration list for PBXNativeTarget "SimpleProductListTests" */ = {
			isa = XCConfigurationList;
			buildConfigurations = (
				AAD32E482902DA4C00DDF555 /* Debug */,
				AAD32E492902DA4C00DDF555 /* Release */,
			);
			defaultConfigurationIsVisible = 0;
			defaultConfigurationName = Release;
		};
/* End XCConfigurationList section */

/* Begin XCRemoteSwiftPackageReference section */
		AAD32E4D2902DB6300DDF555 /* XCRemoteSwiftPackageReference "realm-swift" */ = {
			isa = XCRemoteSwiftPackageReference;
			repositoryURL = "https://github.com/realm/realm-swift.git";
			requirement = {
				branch = master;
				kind = branch;
			};
		};
		AAD32E522902DB7900DDF555 /* XCRemoteSwiftPackageReference "SDWebImage" */ = {
			isa = XCRemoteSwiftPackageReference;
			repositoryURL = "https://github.com/SDWebImage/SDWebImage.git";
			requirement = {
				kind = upToNextMajorVersion;
				minimumVersion = 5.0.0;
			};
		};
		AAD32E552902DBA900DDF555 /* XCRemoteSwiftPackageReference "SnapKit" */ = {
			isa = XCRemoteSwiftPackageReference;
			repositoryURL = "https://github.com/SnapKit/SnapKit.git";
			requirement = {
				kind = upToNextMajorVersion;
				minimumVersion = 5.0.0;
			};
		};
/* End XCRemoteSwiftPackageReference section */

/* Begin XCSwiftPackageProductDependency section */
		AAD32E4E2902DB6300DDF555 /* Realm */ = {
			isa = XCSwiftPackageProductDependency;
			package = AAD32E4D2902DB6300DDF555 /* XCRemoteSwiftPackageReference "realm-swift" */;
			productName = Realm;
		};
		AAD32E502902DB6300DDF555 /* RealmSwift */ = {
			isa = XCSwiftPackageProductDependency;
			package = AAD32E4D2902DB6300DDF555 /* XCRemoteSwiftPackageReference "realm-swift" */;
			productName = RealmSwift;
		};
		AAD32E532902DB7900DDF555 /* SDWebImage */ = {
			isa = XCSwiftPackageProductDependency;
			package = AAD32E522902DB7900DDF555 /* XCRemoteSwiftPackageReference "SDWebImage" */;
			productName = SDWebImage;
		};
		AAD32E562902DBA900DDF555 /* SnapKit */ = {
			isa = XCSwiftPackageProductDependency;
			package = AAD32E552902DBA900DDF555 /* XCRemoteSwiftPackageReference "SnapKit" */;
			productName = SnapKit;
		};
/* End XCSwiftPackageProductDependency section */
	};
	rootObject = AAD32E122902DA4B00DDF555 /* Project object */;
}
